
Microsoft Visual Studio Solution File, Format Version 12.00
# Visual Studio Version 18
VisualStudioVersion = 18.0.11018.127
MinimumVisualStudioVersion = 10.0.40219.1
Project("{FAE04EC0-301F-11D3-BF4B-00C04F79EFBC}") = "Ghost.Editor", "Ghost.Editor\Ghost.Editor.csproj", "{15AFE3A1-0CAF-4B36-8835-121C4D683BBF}"
EndProject
Project("{FAE04EC0-301F-11D3-BF4B-00C04F79EFBC}") = "Ghost.Engine", "Ghost.Engine\Ghost.Engine.csproj", "{1ED62E09-8F36-4671-896B-16C1C1530202}"
EndProject
Project("{FAE04EC0-301F-11D3-BF4B-00C04F79EFBC}") = "Ghost.Data", "Ghost.Data\Ghost.Data.csproj", "{0D626DAF-EF18-435C-A85C-EEA1B141E8B5}"
EndProject
Project("{FAE04EC0-301F-11D3-BF4B-00C04F79EFBC}") = "Ghost.Entities", "Ghost.Entities\Ghost.Entities.csproj", "{8A1C494B-2888-4D0D-8325-9F5C8D1D1955}"
EndProject
Project("{FAE04EC0-301F-11D3-BF4B-00C04F79EFBC}") = "Ghost.Generator", "Ghost.Generator\Ghost.Generator.csproj", "{996ABECC-1C5A-4F07-B8AC-D063F91962CB}"
EndProject
Project("{FAE04EC0-301F-11D3-BF4B-00C04F79EFBC}") = "Ghost.Graphics.Test", "Ghost.Graphics.Test\Ghost.Graphics.Test.csproj", "{4179873E-8174-4D17-9584-8C223BA71366}"
EndProject
Project("{FAE04EC0-301F-11D3-BF4B-00C04F79EFBC}") = "Ghost.Core", "Ghost.Core\Ghost.Core.csproj", "{337D9110-76FC-453C-9481-757052A216E5}"
EndProject
Project("{FAE04EC0-301F-11D3-BF4B-00C04F79EFBC}") = "Ghost.Editor.Core", "Ghost.Editor.Core\Ghost.Editor.Core.csproj", "{222A4E83-D902-423A-8E99-8321BBFC604C}"
EndProject
Project("{FAE04EC0-301F-11D3-BF4B-00C04F79EFBC}") = "Ghost.Graphics", "Ghost.Graphics\Ghost.Graphics.csproj", "{F55831B1-2ADE-4CEB-8023-F92C7ABF57FE}"
EndProject
Project("{FAE04EC0-301F-11D3-BF4B-00C04F79EFBC}") = "Ghost.Shader", "Ghost.Shader\Ghost.Shader.csproj", "{145C2867-C0FD-4FB0-B60D-467E52081E14}"
EndProject
Project("{FAE04EC0-301F-11D3-BF4B-00C04F79EFBC}") = "Ghost.Shader.Test", "Ghost.Shader.Test\Ghost.Shader.Test.csproj", "{C3AB43A4-88D8-49F8-B738-A738C8BCEE3F}"
EndProject
Project("{2150E333-8FDC-42A3-9474-1A3956D46DE8}") = "Editor", "Editor", "{4E666310-F835-4A49-A1A3-AE7CB3FB0221}"
EndProject
Project("{2150E333-8FDC-42A3-9474-1A3956D46DE8}") = "Runtime", "Runtime", "{6051DF88-C573-4BC4-BF98-3C5E807F4D70}"
EndProject
Project("{2150E333-8FDC-42A3-9474-1A3956D46DE8}") = "Test", "Test", "{43E76E46-0E5F-4429-83C8-157689885174}"
EndProject
Project("{2150E333-8FDC-42A3-9474-1A3956D46DE8}") = "Library", "Library", "{82E20323-1AFE-4DFD-8228-945641754724}"
EndProject
Project("{FAE04EC0-301F-11D3-BF4B-00C04F79EFBC}") = "Ghost.Zeux.MeshOptimizer", "Ghost.Zeux.MeshOptimizer\Ghost.Zeux.MeshOptimizer.csproj", "{17AE73B9-60B7-4AB3-8F41-535C1D486F10}"
EndProject
Project("{FAE04EC0-301F-11D3-BF4B-00C04F79EFBC}") = "Ghost.FMOD", "Ghost.FMOD\Ghost.FMOD.csproj", "{C4F7EE9D-5E08-403D-885B-21B86BFD3498}"
EndProject
Project("{FAE04EC0-301F-11D3-BF4B-00C04F79EFBC}") = "Ghost.Entities.Test", "Ghost.Entities.Test\Ghost.Entities.Test.csproj", "{11CFD14E-3B05-492F-A483-9A72A564086F}"
EndProject
Project("{FAE04EC0-301F-11D3-BF4B-00C04F79EFBC}") = "Ghost.Test.Core", "Ghost.Test.Core\Ghost.Test.Core.csproj", "{2F2E39E6-C13F-49A5-A41E-FABBEEEAB890}"
EndProject
Global
	GlobalSection(SolutionConfigurationPlatforms) = preSolution
		Debug|ARM64 = Debug|ARM64
		Debug|x64 = Debug|x64
		Debug|x86 = Debug|x86
		Release|ARM64 = Release|ARM64
		Release|x64 = Release|x64
		Release|x86 = Release|x86
	EndGlobalSection
	GlobalSection(ProjectConfigurationPlatforms) = postSolution
		{15AFE3A1-0CAF-4B36-8835-121C4D683BBF}.Debug|ARM64.ActiveCfg = Debug|ARM64
		{15AFE3A1-0CAF-4B36-8835-121C4D683BBF}.Debug|ARM64.Build.0 = Debug|ARM64
		{15AFE3A1-0CAF-4B36-8835-121C4D683BBF}.Debug|ARM64.Deploy.0 = Debug|ARM64
		{15AFE3A1-0CAF-4B36-8835-121C4D683BBF}.Debug|x64.ActiveCfg = Debug|x64
		{15AFE3A1-0CAF-4B36-8835-121C4D683BBF}.Debug|x64.Build.0 = Debug|x64
		{15AFE3A1-0CAF-4B36-8835-121C4D683BBF}.Debug|x64.Deploy.0 = Debug|x64
		{15AFE3A1-0CAF-4B36-8835-121C4D683BBF}.Debug|x86.ActiveCfg = Debug|x86
		{15AFE3A1-0CAF-4B36-8835-121C4D683BBF}.Debug|x86.Build.0 = Debug|x86
		{15AFE3A1-0CAF-4B36-8835-121C4D683BBF}.Debug|x86.Deploy.0 = Debug|x86
		{15AFE3A1-0CAF-4B36-8835-121C4D683BBF}.Release|ARM64.ActiveCfg = Release|ARM64
		{15AFE3A1-0CAF-4B36-8835-121C4D683BBF}.Release|ARM64.Build.0 = Release|ARM64
		{15AFE3A1-0CAF-4B36-8835-121C4D683BBF}.Release|ARM64.Deploy.0 = Release|ARM64
		{15AFE3A1-0CAF-4B36-8835-121C4D683BBF}.Release|x64.ActiveCfg = Release|x64
		{15AFE3A1-0CAF-4B36-8835-121C4D683BBF}.Release|x64.Build.0 = Release|x64
		{15AFE3A1-0CAF-4B36-8835-121C4D683BBF}.Release|x64.Deploy.0 = Release|x64
		{15AFE3A1-0CAF-4B36-8835-121C4D683BBF}.Release|x86.ActiveCfg = Release|x86
		{15AFE3A1-0CAF-4B36-8835-121C4D683BBF}.Release|x86.Build.0 = Release|x86
		{15AFE3A1-0CAF-4B36-8835-121C4D683BBF}.Release|x86.Deploy.0 = Release|x86
		{1ED62E09-8F36-4671-896B-16C1C1530202}.Debug|ARM64.ActiveCfg = Debug|Any CPU
		{1ED62E09-8F36-4671-896B-16C1C1530202}.Debug|ARM64.Build.0 = Debug|Any CPU
		{1ED62E09-8F36-4671-896B-16C1C1530202}.Debug|x64.ActiveCfg = Debug|Any CPU
		{1ED62E09-8F36-4671-896B-16C1C1530202}.Debug|x64.Build.0 = Debug|Any CPU
		{1ED62E09-8F36-4671-896B-16C1C1530202}.Debug|x86.ActiveCfg = Debug|Any CPU
		{1ED62E09-8F36-4671-896B-16C1C1530202}.Debug|x86.Build.0 = Debug|Any CPU
		{1ED62E09-8F36-4671-896B-16C1C1530202}.Release|ARM64.ActiveCfg = Release|Any CPU
		{1ED62E09-8F36-4671-896B-16C1C1530202}.Release|ARM64.Build.0 = Release|Any CPU
		{1ED62E09-8F36-4671-896B-16C1C1530202}.Release|x64.ActiveCfg = Release|Any CPU
		{1ED62E09-8F36-4671-896B-16C1C1530202}.Release|x64.Build.0 = Release|Any CPU
		{1ED62E09-8F36-4671-896B-16C1C1530202}.Release|x86.ActiveCfg = Release|Any CPU
		{1ED62E09-8F36-4671-896B-16C1C1530202}.Release|x86.Build.0 = Release|Any CPU
		{0D626DAF-EF18-435C-A85C-EEA1B141E8B5}.Debug|ARM64.ActiveCfg = Debug|Any CPU
		{0D626DAF-EF18-435C-A85C-EEA1B141E8B5}.Debug|ARM64.Build.0 = Debug|Any CPU
		{0D626DAF-EF18-435C-A85C-EEA1B141E8B5}.Debug|x64.ActiveCfg = Debug|Any CPU
		{0D626DAF-EF18-435C-A85C-EEA1B141E8B5}.Debug|x64.Build.0 = Debug|Any CPU
		{0D626DAF-EF18-435C-A85C-EEA1B141E8B5}.Debug|x86.ActiveCfg = Debug|Any CPU
		{0D626DAF-EF18-435C-A85C-EEA1B141E8B5}.Debug|x86.Build.0 = Debug|Any CPU
		{0D626DAF-EF18-435C-A85C-EEA1B141E8B5}.Release|ARM64.ActiveCfg = Release|Any CPU
		{0D626DAF-EF18-435C-A85C-EEA1B141E8B5}.Release|ARM64.Build.0 = Release|Any CPU
		{0D626DAF-EF18-435C-A85C-EEA1B141E8B5}.Release|x64.ActiveCfg = Release|Any CPU
		{0D626DAF-EF18-435C-A85C-EEA1B141E8B5}.Release|x64.Build.0 = Release|Any CPU
		{0D626DAF-EF18-435C-A85C-EEA1B141E8B5}.Release|x86.ActiveCfg = Release|Any CPU
		{0D626DAF-EF18-435C-A85C-EEA1B141E8B5}.Release|x86.Build.0 = Release|Any CPU
		{8A1C494B-2888-4D0D-8325-9F5C8D1D1955}.Debug|ARM64.ActiveCfg = Debug|Any CPU
		{8A1C494B-2888-4D0D-8325-9F5C8D1D1955}.Debug|ARM64.Build.0 = Debug|Any CPU
		{8A1C494B-2888-4D0D-8325-9F5C8D1D1955}.Debug|x64.ActiveCfg = Debug|Any CPU
		{8A1C494B-2888-4D0D-8325-9F5C8D1D1955}.Debug|x64.Build.0 = Debug|Any CPU
		{8A1C494B-2888-4D0D-8325-9F5C8D1D1955}.Debug|x86.ActiveCfg = Debug|Any CPU
		{8A1C494B-2888-4D0D-8325-9F5C8D1D1955}.Debug|x86.Build.0 = Debug|Any CPU
		{8A1C494B-2888-4D0D-8325-9F5C8D1D1955}.Release|ARM64.ActiveCfg = Release|Any CPU
		{8A1C494B-2888-4D0D-8325-9F5C8D1D1955}.Release|ARM64.Build.0 = Release|Any CPU
		{8A1C494B-2888-4D0D-8325-9F5C8D1D1955}.Release|x64.ActiveCfg = Release|Any CPU
		{8A1C494B-2888-4D0D-8325-9F5C8D1D1955}.Release|x64.Build.0 = Release|Any CPU
		{8A1C494B-2888-4D0D-8325-9F5C8D1D1955}.Release|x86.ActiveCfg = Release|Any CPU
		{8A1C494B-2888-4D0D-8325-9F5C8D1D1955}.Release|x86.Build.0 = Release|Any CPU
		{996ABECC-1C5A-4F07-B8AC-D063F91962CB}.Debug|ARM64.ActiveCfg = Debug|Any CPU
		{996ABECC-1C5A-4F07-B8AC-D063F91962CB}.Debug|ARM64.Build.0 = Debug|Any CPU
		{996ABECC-1C5A-4F07-B8AC-D063F91962CB}.Debug|x64.ActiveCfg = Debug|Any CPU
		{996ABECC-1C5A-4F07-B8AC-D063F91962CB}.Debug|x64.Build.0 = Debug|Any CPU
		{996ABECC-1C5A-4F07-B8AC-D063F91962CB}.Debug|x86.ActiveCfg = Debug|Any CPU
		{996ABECC-1C5A-4F07-B8AC-D063F91962CB}.Debug|x86.Build.0 = Debug|Any CPU
		{996ABECC-1C5A-4F07-B8AC-D063F91962CB}.Release|ARM64.ActiveCfg = Release|Any CPU
		{996ABECC-1C5A-4F07-B8AC-D063F91962CB}.Release|ARM64.Build.0 = Release|Any CPU
		{996ABECC-1C5A-4F07-B8AC-D063F91962CB}.Release|x64.ActiveCfg = Release|Any CPU
		{996ABECC-1C5A-4F07-B8AC-D063F91962CB}.Release|x64.Build.0 = Release|Any CPU
		{996ABECC-1C5A-4F07-B8AC-D063F91962CB}.Release|x86.ActiveCfg = Release|Any CPU
		{996ABECC-1C5A-4F07-B8AC-D063F91962CB}.Release|x86.Build.0 = Release|Any CPU
		{4179873E-8174-4D17-9584-8C223BA71366}.Debug|ARM64.ActiveCfg = Debug|ARM64
		{4179873E-8174-4D17-9584-8C223BA71366}.Debug|ARM64.Build.0 = Debug|ARM64
		{4179873E-8174-4D17-9584-8C223BA71366}.Debug|ARM64.Deploy.0 = Debug|ARM64
		{4179873E-8174-4D17-9584-8C223BA71366}.Debug|x64.ActiveCfg = Debug|x64
		{4179873E-8174-4D17-9584-8C223BA71366}.Debug|x64.Build.0 = Debug|x64
		{4179873E-8174-4D17-9584-8C223BA71366}.Debug|x64.Deploy.0 = Debug|x64
		{4179873E-8174-4D17-9584-8C223BA71366}.Debug|x86.ActiveCfg = Debug|x86
		{4179873E-8174-4D17-9584-8C223BA71366}.Debug|x86.Build.0 = Debug|x86
		{4179873E-8174-4D17-9584-8C223BA71366}.Debug|x86.Deploy.0 = Debug|x86
		{4179873E-8174-4D17-9584-8C223BA71366}.Release|ARM64.ActiveCfg = Release|ARM64
		{4179873E-8174-4D17-9584-8C223BA71366}.Release|ARM64.Build.0 = Release|ARM64
		{4179873E-8174-4D17-9584-8C223BA71366}.Release|ARM64.Deploy.0 = Release|ARM64
		{4179873E-8174-4D17-9584-8C223BA71366}.Release|x64.ActiveCfg = Release|x64
		{4179873E-8174-4D17-9584-8C223BA71366}.Release|x64.Build.0 = Release|x64
		{4179873E-8174-4D17-9584-8C223BA71366}.Release|x64.Deploy.0 = Release|x64
		{4179873E-8174-4D17-9584-8C223BA71366}.Release|x86.ActiveCfg = Release|x86
		{4179873E-8174-4D17-9584-8C223BA71366}.Release|x86.Build.0 = Release|x86
		{4179873E-8174-4D17-9584-8C223BA71366}.Release|x86.Deploy.0 = Release|x86
		{337D9110-76FC-453C-9481-757052A216E5}.Debug|ARM64.ActiveCfg = Debug|Any CPU
		{337D9110-76FC-453C-9481-757052A216E5}.Debug|ARM64.Build.0 = Debug|Any CPU
		{337D9110-76FC-453C-9481-757052A216E5}.Debug|x64.ActiveCfg = Debug|Any CPU
		{337D9110-76FC-453C-9481-757052A216E5}.Debug|x64.Build.0 = Debug|Any CPU
		{337D9110-76FC-453C-9481-757052A216E5}.Debug|x86.ActiveCfg = Debug|Any CPU
		{337D9110-76FC-453C-9481-757052A216E5}.Debug|x86.Build.0 = Debug|Any CPU
		{337D9110-76FC-453C-9481-757052A216E5}.Release|ARM64.ActiveCfg = Release|Any CPU
		{337D9110-76FC-453C-9481-757052A216E5}.Release|ARM64.Build.0 = Release|Any CPU
		{337D9110-76FC-453C-9481-757052A216E5}.Release|x64.ActiveCfg = Release|Any CPU
		{337D9110-76FC-453C-9481-757052A216E5}.Release|x64.Build.0 = Release|Any CPU
		{337D9110-76FC-453C-9481-757052A216E5}.Release|x86.ActiveCfg = Release|Any CPU
		{337D9110-76FC-453C-9481-757052A216E5}.Release|x86.Build.0 = Release|Any CPU
		{222A4E83-D902-423A-8E99-8321BBFC604C}.Debug|ARM64.ActiveCfg = Debug|Any CPU
		{222A4E83-D902-423A-8E99-8321BBFC604C}.Debug|ARM64.Build.0 = Debug|Any CPU
		{222A4E83-D902-423A-8E99-8321BBFC604C}.Debug|x64.ActiveCfg = Debug|Any CPU
		{222A4E83-D902-423A-8E99-8321BBFC604C}.Debug|x64.Build.0 = Debug|Any CPU
		{222A4E83-D902-423A-8E99-8321BBFC604C}.Debug|x86.ActiveCfg = Debug|Any CPU
		{222A4E83-D902-423A-8E99-8321BBFC604C}.Debug|x86.Build.0 = Debug|Any CPU
		{222A4E83-D902-423A-8E99-8321BBFC604C}.Release|ARM64.ActiveCfg = Release|Any CPU
		{222A4E83-D902-423A-8E99-8321BBFC604C}.Release|ARM64.Build.0 = Release|Any CPU
		{222A4E83-D902-423A-8E99-8321BBFC604C}.Release|x64.ActiveCfg = Release|Any CPU
		{222A4E83-D902-423A-8E99-8321BBFC604C}.Release|x64.Build.0 = Release|Any CPU
		{222A4E83-D902-423A-8E99-8321BBFC604C}.Release|x86.ActiveCfg = Release|Any CPU
		{222A4E83-D902-423A-8E99-8321BBFC604C}.Release|x86.Build.0 = Release|Any CPU
		{F55831B1-2ADE-4CEB-8023-F92C7ABF57FE}.Debug|ARM64.ActiveCfg = Debug|Any CPU
		{F55831B1-2ADE-4CEB-8023-F92C7ABF57FE}.Debug|ARM64.Build.0 = Debug|Any CPU
		{F55831B1-2ADE-4CEB-8023-F92C7ABF57FE}.Debug|x64.ActiveCfg = Debug|Any CPU
		{F55831B1-2ADE-4CEB-8023-F92C7ABF57FE}.Debug|x64.Build.0 = Debug|Any CPU
		{F55831B1-2ADE-4CEB-8023-F92C7ABF57FE}.Debug|x86.ActiveCfg = Debug|Any CPU
		{F55831B1-2ADE-4CEB-8023-F92C7ABF57FE}.Debug|x86.Build.0 = Debug|Any CPU
		{F55831B1-2ADE-4CEB-8023-F92C7ABF57FE}.Release|ARM64.ActiveCfg = Release|Any CPU
		{F55831B1-2ADE-4CEB-8023-F92C7ABF57FE}.Release|ARM64.Build.0 = Release|Any CPU
		{F55831B1-2ADE-4CEB-8023-F92C7ABF57FE}.Release|x64.ActiveCfg = Release|Any CPU
		{F55831B1-2ADE-4CEB-8023-F92C7ABF57FE}.Release|x64.Build.0 = Release|Any CPU
		{F55831B1-2ADE-4CEB-8023-F92C7ABF57FE}.Release|x86.ActiveCfg = Release|Any CPU
		{F55831B1-2ADE-4CEB-8023-F92C7ABF57FE}.Release|x86.Build.0 = Release|Any CPU
		{145C2867-C0FD-4FB0-B60D-467E52081E14}.Debug|ARM64.ActiveCfg = Debug|Any CPU
		{145C2867-C0FD-4FB0-B60D-467E52081E14}.Debug|ARM64.Build.0 = Debug|Any CPU
		{145C2867-C0FD-4FB0-B60D-467E52081E14}.Debug|x64.ActiveCfg = Debug|Any CPU
		{145C2867-C0FD-4FB0-B60D-467E52081E14}.Debug|x64.Build.0 = Debug|Any CPU
		{145C2867-C0FD-4FB0-B60D-467E52081E14}.Debug|x86.ActiveCfg = Debug|Any CPU
		{145C2867-C0FD-4FB0-B60D-467E52081E14}.Debug|x86.Build.0 = Debug|Any CPU
		{145C2867-C0FD-4FB0-B60D-467E52081E14}.Release|ARM64.ActiveCfg = Release|Any CPU
		{145C2867-C0FD-4FB0-B60D-467E52081E14}.Release|ARM64.Build.0 = Release|Any CPU
		{145C2867-C0FD-4FB0-B60D-467E52081E14}.Release|x64.ActiveCfg = Release|Any CPU
		{145C2867-C0FD-4FB0-B60D-467E52081E14}.Release|x64.Build.0 = Release|Any CPU
		{145C2867-C0FD-4FB0-B60D-467E52081E14}.Release|x86.ActiveCfg = Release|Any CPU
		{145C2867-C0FD-4FB0-B60D-467E52081E14}.Release|x86.Build.0 = Release|Any CPU
		{C3AB43A4-88D8-49F8-B738-A738C8BCEE3F}.Debug|ARM64.ActiveCfg = Debug|Any CPU
		{C3AB43A4-88D8-49F8-B738-A738C8BCEE3F}.Debug|ARM64.Build.0 = Debug|Any CPU
		{C3AB43A4-88D8-49F8-B738-A738C8BCEE3F}.Debug|x64.ActiveCfg = Debug|Any CPU
		{C3AB43A4-88D8-49F8-B738-A738C8BCEE3F}.Debug|x64.Build.0 = Debug|Any CPU
		{C3AB43A4-88D8-49F8-B738-A738C8BCEE3F}.Debug|x86.ActiveCfg = Debug|Any CPU
		{C3AB43A4-88D8-49F8-B738-A738C8BCEE3F}.Debug|x86.Build.0 = Debug|Any CPU
		{C3AB43A4-88D8-49F8-B738-A738C8BCEE3F}.Release|ARM64.ActiveCfg = Release|Any CPU
		{C3AB43A4-88D8-49F8-B738-A738C8BCEE3F}.Release|ARM64.Build.0 = Release|Any CPU
		{C3AB43A4-88D8-49F8-B738-A738C8BCEE3F}.Release|x64.ActiveCfg = Release|Any CPU
		{C3AB43A4-88D8-49F8-B738-A738C8BCEE3F}.Release|x64.Build.0 = Release|Any CPU
		{C3AB43A4-88D8-49F8-B738-A738C8BCEE3F}.Release|x86.ActiveCfg = Release|Any CPU
		{C3AB43A4-88D8-49F8-B738-A738C8BCEE3F}.Release|x86.Build.0 = Release|Any CPU
		{17AE73B9-60B7-4AB3-8F41-535C1D486F10}.Debug|ARM64.ActiveCfg = Debug|Any CPU
		{17AE73B9-60B7-4AB3-8F41-535C1D486F10}.Debug|ARM64.Build.0 = Debug|Any CPU
		{17AE73B9-60B7-4AB3-8F41-535C1D486F10}.Debug|x64.ActiveCfg = Debug|Any CPU
		{17AE73B9-60B7-4AB3-8F41-535C1D486F10}.Debug|x64.Build.0 = Debug|Any CPU
		{17AE73B9-60B7-4AB3-8F41-535C1D486F10}.Debug|x86.ActiveCfg = Debug|Any CPU
		{17AE73B9-60B7-4AB3-8F41-535C1D486F10}.Debug|x86.Build.0 = Debug|Any CPU
		{17AE73B9-60B7-4AB3-8F41-535C1D486F10}.Release|ARM64.ActiveCfg = Release|Any CPU
		{17AE73B9-60B7-4AB3-8F41-535C1D486F10}.Release|ARM64.Build.0 = Release|Any CPU
		{17AE73B9-60B7-4AB3-8F41-535C1D486F10}.Release|x64.ActiveCfg = Release|Any CPU
		{17AE73B9-60B7-4AB3-8F41-535C1D486F10}.Release|x64.Build.0 = Release|Any CPU
		{17AE73B9-60B7-4AB3-8F41-535C1D486F10}.Release|x86.ActiveCfg = Release|Any CPU
		{17AE73B9-60B7-4AB3-8F41-535C1D486F10}.Release|x86.Build.0 = Release|Any CPU
		{C4F7EE9D-5E08-403D-885B-21B86BFD3498}.Debug|ARM64.ActiveCfg = Debug|Any CPU
		{C4F7EE9D-5E08-403D-885B-21B86BFD3498}.Debug|ARM64.Build.0 = Debug|Any CPU
		{C4F7EE9D-5E08-403D-885B-21B86BFD3498}.Debug|x64.ActiveCfg = Debug|Any CPU
		{C4F7EE9D-5E08-403D-885B-21B86BFD3498}.Debug|x64.Build.0 = Debug|Any CPU
		{C4F7EE9D-5E08-403D-885B-21B86BFD3498}.Debug|x86.ActiveCfg = Debug|Any CPU
		{C4F7EE9D-5E08-403D-885B-21B86BFD3498}.Debug|x86.Build.0 = Debug|Any CPU
		{C4F7EE9D-5E08-403D-885B-21B86BFD3498}.Release|ARM64.ActiveCfg = Release|Any CPU
		{C4F7EE9D-5E08-403D-885B-21B86BFD3498}.Release|ARM64.Build.0 = Release|Any CPU
		{C4F7EE9D-5E08-403D-885B-21B86BFD3498}.Release|x64.ActiveCfg = Release|Any CPU
		{C4F7EE9D-5E08-403D-885B-21B86BFD3498}.Release|x64.Build.0 = Release|Any CPU
		{C4F7EE9D-5E08-403D-885B-21B86BFD3498}.Release|x86.ActiveCfg = Release|Any CPU
		{C4F7EE9D-5E08-403D-885B-21B86BFD3498}.Release|x86.Build.0 = Release|Any CPU
		{11CFD14E-3B05-492F-A483-9A72A564086F}.Debug|ARM64.ActiveCfg = Debug|Any CPU
		{11CFD14E-3B05-492F-A483-9A72A564086F}.Debug|ARM64.Build.0 = Debug|Any CPU
		{11CFD14E-3B05-492F-A483-9A72A564086F}.Debug|x64.ActiveCfg = Debug|Any CPU
		{11CFD14E-3B05-492F-A483-9A72A564086F}.Debug|x64.Build.0 = Debug|Any CPU
		{11CFD14E-3B05-492F-A483-9A72A564086F}.Debug|x86.ActiveCfg = Debug|Any CPU
		{11CFD14E-3B05-492F-A483-9A72A564086F}.Debug|x86.Build.0 = Debug|Any CPU
		{11CFD14E-3B05-492F-A483-9A72A564086F}.Release|ARM64.ActiveCfg = Release|Any CPU
		{11CFD14E-3B05-492F-A483-9A72A564086F}.Release|ARM64.Build.0 = Release|Any CPU
		{11CFD14E-3B05-492F-A483-9A72A564086F}.Release|x64.ActiveCfg = Release|Any CPU
		{11CFD14E-3B05-492F-A483-9A72A564086F}.Release|x64.Build.0 = Release|Any CPU
		{11CFD14E-3B05-492F-A483-9A72A564086F}.Release|x86.ActiveCfg = Release|Any CPU
		{11CFD14E-3B05-492F-A483-9A72A564086F}.Release|x86.Build.0 = Release|Any CPU
		{2F2E39E6-C13F-49A5-A41E-FABBEEEAB890}.Debug|ARM64.ActiveCfg = Debug|Any CPU
		{2F2E39E6-C13F-49A5-A41E-FABBEEEAB890}.Debug|ARM64.Build.0 = Debug|Any CPU
		{2F2E39E6-C13F-49A5-A41E-FABBEEEAB890}.Debug|x64.ActiveCfg = Debug|Any CPU
		{2F2E39E6-C13F-49A5-A41E-FABBEEEAB890}.Debug|x64.Build.0 = Debug|Any CPU
		{2F2E39E6-C13F-49A5-A41E-FABBEEEAB890}.Debug|x86.ActiveCfg = Debug|Any CPU
		{2F2E39E6-C13F-49A5-A41E-FABBEEEAB890}.Debug|x86.Build.0 = Debug|Any CPU
		{2F2E39E6-C13F-49A5-A41E-FABBEEEAB890}.Release|ARM64.ActiveCfg = Release|Any CPU
		{2F2E39E6-C13F-49A5-A41E-FABBEEEAB890}.Release|ARM64.Build.0 = Release|Any CPU
		{2F2E39E6-C13F-49A5-A41E-FABBEEEAB890}.Release|x64.ActiveCfg = Release|Any CPU
		{2F2E39E6-C13F-49A5-A41E-FABBEEEAB890}.Release|x64.Build.0 = Release|Any CPU
		{2F2E39E6-C13F-49A5-A41E-FABBEEEAB890}.Release|x86.ActiveCfg = Release|Any CPU
		{2F2E39E6-C13F-49A5-A41E-FABBEEEAB890}.Release|x86.Build.0 = Release|Any CPU
	EndGlobalSection
	GlobalSection(SolutionProperties) = preSolution
		HideSolutionNode = FALSE
	EndGlobalSection
	GlobalSection(NestedProjects) = preSolution
		{15AFE3A1-0CAF-4B36-8835-121C4D683BBF} = {4E666310-F835-4A49-A1A3-AE7CB3FB0221}
		{1ED62E09-8F36-4671-896B-16C1C1530202} = {6051DF88-C573-4BC4-BF98-3C5E807F4D70}
		{0D626DAF-EF18-435C-A85C-EEA1B141E8B5} = {4E666310-F835-4A49-A1A3-AE7CB3FB0221}
		{8A1C494B-2888-4D0D-8325-9F5C8D1D1955} = {6051DF88-C573-4BC4-BF98-3C5E807F4D70}
		{4179873E-8174-4D17-9584-8C223BA71366} = {43E76E46-0E5F-4429-83C8-157689885174}
		{222A4E83-D902-423A-8E99-8321BBFC604C} = {4E666310-F835-4A49-A1A3-AE7CB3FB0221}
		{F55831B1-2ADE-4CEB-8023-F92C7ABF57FE} = {6051DF88-C573-4BC4-BF98-3C5E807F4D70}
		{C3AB43A4-88D8-49F8-B738-A738C8BCEE3F} = {43E76E46-0E5F-4429-83C8-157689885174}
		{17AE73B9-60B7-4AB3-8F41-535C1D486F10} = {82E20323-1AFE-4DFD-8228-945641754724}
		{C4F7EE9D-5E08-403D-885B-21B86BFD3498} = {82E20323-1AFE-4DFD-8228-945641754724}
		{11CFD14E-3B05-492F-A483-9A72A564086F} = {43E76E46-0E5F-4429-83C8-157689885174}
		{2F2E39E6-C13F-49A5-A41E-FABBEEEAB890} = {43E76E46-0E5F-4429-83C8-157689885174}
	EndGlobalSection
	GlobalSection(ExtensibilityGlobals) = postSolution
		SolutionGuid = {0C545827-2ED7-4597-BE3C-30E978C85B9E}
	EndGlobalSection
EndGlobal
